
Microsoft Visual Studio Solution File, Format Version 12.00
# Visual Studio Version 16
VisualStudioVersion = 16.0.31624.102
MinimumVisualStudioVersion = 10.0.40219.1
Project("{9A19103F-16F7-4668-BE54-9A1E7A4F7556}") = "JohnButler.AdventureGame", "JohnButler.CharacterCreator\JohnButler.AdventureGame.csproj", "{575DE866-FC0F-4C67-9239-0877A991804D}"
EndProject
Project("{9A19103F-16F7-4668-BE54-9A1E7A4F7556}") = "JohnButler.AdventureGame.WinHost", "JohnButler.AdventureGame.WinHost\JohnButler.AdventureGame.WinHost.csproj", "{0E72EC57-8E3B-4663-97A7-E463AE2DC150}"
EndProject
Global
	GlobalSection(SolutionConfigurationPlatforms) = preSolution
		Debug|Any CPU = Debug|Any CPU
		Release|Any CPU = Release|Any CPU
	EndGlobalSection
	GlobalSection(ProjectConfigurationPlatforms) = postSolution
		{575DE866-FC0F-4C67-9239-0877A991804D}.Debug|Any CPU.ActiveCfg = Debug|Any CPU
		{575DE866-FC0F-4C67-9239-0877A991804D}.Debug|Any CPU.Build.0 = Debug|Any CPU
		{575DE866-FC0F-4C67-9239-0877A991804D}.Release|Any CPU.ActiveCfg = Release|Any CPU
		{575DE866-FC0F-4C67-9239-0877A991804D}.Release|Any CPU.Build.0 = Release|Any CPU
		{0E72EC57-8E3B-4663-97A7-E463AE2DC150}.Debug|Any CPU.ActiveCfg = Debug|Any CPU
		{0E72EC57-8E3B-4663-97A7-E463AE2DC150}.Debug|Any CPU.Build.0 = Debug|Any CPU
		{0E72EC57-8E3B-4663-97A7-E463AE2DC150}.Release|Any CPU.ActiveCfg = Release|Any CPU
		{0E72EC57-8E3B-4663-97A7-E463AE2DC150}.Release|Any CPU.Build.0 = Release|Any CPU
	EndGlobalSection
	GlobalSection(SolutionProperties) = preSolution
		HideSolutionNode = FALSE
	EndGlobalSection
	GlobalSection(ExtensibilityGlobals) = postSolution
		SolutionGuid = {A413D77A-101B-4AFD-BABC-4CD319D406A6}
	EndGlobalSection
EndGlobal
