
Microsoft Visual Studio Solution File, Format Version 12.00
# Visual Studio Version 16
VisualStudioVersion = 16.0.31624.102
MinimumVisualStudioVersion = 10.0.40219.1
Project("{FAE04EC0-301F-11D3-BF4B-00C04F79EFBC}") = "JohnButler.AdventureGame.ConsoleHost", "JohnButler.AdventureGame.ConsoleHost\JohnButler.AdventureGame.ConsoleHost.csproj", "{731826A3-D550-40D8-9E20-61B422DD4931}"
EndProject
Global
	GlobalSection(SolutionConfigurationPlatforms) = preSolution
		Debug|Any CPU = Debug|Any CPU
		Release|Any CPU = Release|Any CPU
	EndGlobalSection
	GlobalSection(ProjectConfigurationPlatforms) = postSolution
		{731826A3-D550-40D8-9E20-61B422DD4931}.Debug|Any CPU.ActiveCfg = Debug|Any CPU
		{731826A3-D550-40D8-9E20-61B422DD4931}.Debug|Any CPU.Build.0 = Debug|Any CPU
		{731826A3-D550-40D8-9E20-61B422DD4931}.Release|Any CPU.ActiveCfg = Release|Any CPU
		{731826A3-D550-40D8-9E20-61B422DD4931}.Release|Any CPU.Build.0 = Release|Any CPU
	EndGlobalSection
	GlobalSection(SolutionProperties) = preSolution
		HideSolutionNode = FALSE
	EndGlobalSection
	GlobalSection(ExtensibilityGlobals) = postSolution
		SolutionGuid = {B5A35291-E566-4AA9-9D91-B1BE863C9ECB}
	EndGlobalSection
EndGlobal
